
Microsoft Visual Studio Solution File, Format Version 12.00
# Visual Studio Version 17
VisualStudioVersion = 17.3.32819.101
MinimumVisualStudioVersion = 10.0.40219.1
Project("{FAE04EC0-301F-11D3-BF4B-00C04F79EFBC}") = "SPN010TGR", "SPN010TGR.csproj", "{ED38ADD5-1A30-44DE-A962-98E00EEF3ED9}"
EndProject
Global
	GlobalSection(SolutionConfigurationPlatforms) = preSolution
		Debug|Any CPU = Debug|Any CPU
		Release|Any CPU = Release|Any CPU
	EndGlobalSection
	GlobalSection(ProjectConfigurationPlatforms) = postSolution
		{ED38ADD5-1A30-44DE-A962-98E00EEF3ED9}.Debug|Any CPU.ActiveCfg = Debug|Any CPU
		{ED38ADD5-1A30-44DE-A962-98E00EEF3ED9}.Debug|Any CPU.Build.0 = Debug|Any CPU
		{ED38ADD5-1A30-44DE-A962-98E00EEF3ED9}.Release|Any CPU.ActiveCfg = Release|Any CPU
		{ED38ADD5-1A30-44DE-A962-98E00EEF3ED9}.Release|Any CPU.Build.0 = Release|Any CPU
	EndGlobalSection
	GlobalSection(SolutionProperties) = preSolution
		HideSolutionNode = FALSE
	EndGlobalSection
	GlobalSection(ExtensibilityGlobals) = postSolution
		SolutionGuid = {8321F374-C39D-4800-91FF-FF6386ACA241}
	EndGlobalSection
EndGlobal
